
Microsoft Visual Studio Solution File, Format Version 12.00
# Visual Studio Version 17
VisualStudioVersion = 17.5.002.0
MinimumVisualStudioVersion = 10.0.40219.1
Project("{9A19103F-16F7-4668-BE54-9A1E7A4F7556}") = "divideandconquer", "divideandconquer.csproj", "{640FDB5B-4467-43AF-93B2-DF80232F6074}"
EndProject
Global
	GlobalSection(SolutionConfigurationPlatforms) = preSolution
		Debug|Any CPU = Debug|Any CPU
		Release|Any CPU = Release|Any CPU
	EndGlobalSection
	GlobalSection(ProjectConfigurationPlatforms) = postSolution
		{640FDB5B-4467-43AF-93B2-DF80232F6074}.Debug|Any CPU.ActiveCfg = Debug|Any CPU
		{640FDB5B-4467-43AF-93B2-DF80232F6074}.Debug|Any CPU.Build.0 = Debug|Any CPU
		{640FDB5B-4467-43AF-93B2-DF80232F6074}.Release|Any CPU.ActiveCfg = Release|Any CPU
		{640FDB5B-4467-43AF-93B2-DF80232F6074}.Release|Any CPU.Build.0 = Release|Any CPU
	EndGlobalSection
	GlobalSection(SolutionProperties) = preSolution
		HideSolutionNode = FALSE
	EndGlobalSection
	GlobalSection(ExtensibilityGlobals) = postSolution
		SolutionGuid = {B86E8A2D-D2C2-4F73-9860-BAE127CAD7C7}
	EndGlobalSection
EndGlobal
